
Microsoft Visual Studio Solution File, Format Version 12.00
# Visual Studio Version 16
VisualStudioVersion = 16.0.29920.165
MinimumVisualStudioVersion = 10.0.40219.1
Project("{888888A0-9F3D-457C-B088-3A5042F75D52}") = "Rute_Pesawat", "Rute_Pesawat\Rute_Pesawat.pyproj", "{7CADE3D9-BF29-43FC-BBC0-9454F8A3ADAD}"
EndProject
Global
	GlobalSection(SolutionConfigurationPlatforms) = preSolution
		Debug|Any CPU = Debug|Any CPU
		Release|Any CPU = Release|Any CPU
	EndGlobalSection
	GlobalSection(ProjectConfigurationPlatforms) = postSolution
		{7CADE3D9-BF29-43FC-BBC0-9454F8A3ADAD}.Debug|Any CPU.ActiveCfg = Debug|Any CPU
		{7CADE3D9-BF29-43FC-BBC0-9454F8A3ADAD}.Release|Any CPU.ActiveCfg = Release|Any CPU
	EndGlobalSection
	GlobalSection(SolutionProperties) = preSolution
		HideSolutionNode = FALSE
	EndGlobalSection
	GlobalSection(ExtensibilityGlobals) = postSolution
		SolutionGuid = {64DBC8E4-3054-4A6E-A10D-AE7A8F4A9ED7}
	EndGlobalSection
EndGlobal
